
Microsoft Visual Studio Solution File, Format Version 12.00
# Visual Studio Version 17
VisualStudioVersion = 17.8.34511.84
MinimumVisualStudioVersion = 10.0.40219.1
Project("{9A19103F-16F7-4668-BE54-9A1E7A4F7556}") = "homeworkCS04.06", "homework04.06\homeworkCS04.06.csproj", "{73BE817A-3C5E-4AA7-893F-E8C88F378324}"
EndProject
Global
	GlobalSection(SolutionConfigurationPlatforms) = preSolution
		Debug|Any CPU = Debug|Any CPU
		Release|Any CPU = Release|Any CPU
	EndGlobalSection
	GlobalSection(ProjectConfigurationPlatforms) = postSolution
		{73BE817A-3C5E-4AA7-893F-E8C88F378324}.Debug|Any CPU.ActiveCfg = Debug|Any CPU
		{73BE817A-3C5E-4AA7-893F-E8C88F378324}.Debug|Any CPU.Build.0 = Debug|Any CPU
		{73BE817A-3C5E-4AA7-893F-E8C88F378324}.Release|Any CPU.ActiveCfg = Release|Any CPU
		{73BE817A-3C5E-4AA7-893F-E8C88F378324}.Release|Any CPU.Build.0 = Release|Any CPU
	EndGlobalSection
	GlobalSection(SolutionProperties) = preSolution
		HideSolutionNode = FALSE
	EndGlobalSection
	GlobalSection(ExtensibilityGlobals) = postSolution
		SolutionGuid = {6645F936-CE68-4E4F-A6B4-DE2838D71027}
	EndGlobalSection
EndGlobal
