
Microsoft Visual Studio Solution File, Format Version 12.00
# Visual Studio Version 17
VisualStudioVersion = 17.8.34511.84
MinimumVisualStudioVersion = 10.0.40219.1
Project("{FAE04EC0-301F-11D3-BF4B-00C04F79EFBC}") = "homeworkCS20.06.24", "homeworkCS20.06.24\homeworkCS20.06.24.csproj", "{8C7AB34C-3AA1-4B00-86CE-66D72568E787}"
EndProject
Global
	GlobalSection(SolutionConfigurationPlatforms) = preSolution
		Debug|Any CPU = Debug|Any CPU
		Release|Any CPU = Release|Any CPU
	EndGlobalSection
	GlobalSection(ProjectConfigurationPlatforms) = postSolution
		{8C7AB34C-3AA1-4B00-86CE-66D72568E787}.Debug|Any CPU.ActiveCfg = Debug|Any CPU
		{8C7AB34C-3AA1-4B00-86CE-66D72568E787}.Debug|Any CPU.Build.0 = Debug|Any CPU
		{8C7AB34C-3AA1-4B00-86CE-66D72568E787}.Release|Any CPU.ActiveCfg = Release|Any CPU
		{8C7AB34C-3AA1-4B00-86CE-66D72568E787}.Release|Any CPU.Build.0 = Release|Any CPU
	EndGlobalSection
	GlobalSection(SolutionProperties) = preSolution
		HideSolutionNode = FALSE
	EndGlobalSection
	GlobalSection(ExtensibilityGlobals) = postSolution
		SolutionGuid = {5020EADF-36B4-4268-AC38-BD865A5280AA}
	EndGlobalSection
EndGlobal
