
Microsoft Visual Studio Solution File, Format Version 12.00
# Visual Studio Version 17
VisualStudioVersion = 17.8.34511.84
MinimumVisualStudioVersion = 10.0.40219.1
Project("{FAE04EC0-301F-11D3-BF4B-00C04F79EFBC}") = "homeworkCS21.06.24", "homeworkCS21.06.24\homeworkCS21.06.24.csproj", "{46762965-FA5D-4FEB-876E-2824DA91E43F}"
EndProject
Global
	GlobalSection(SolutionConfigurationPlatforms) = preSolution
		Debug|Any CPU = Debug|Any CPU
		Release|Any CPU = Release|Any CPU
	EndGlobalSection
	GlobalSection(ProjectConfigurationPlatforms) = postSolution
		{46762965-FA5D-4FEB-876E-2824DA91E43F}.Debug|Any CPU.ActiveCfg = Debug|Any CPU
		{46762965-FA5D-4FEB-876E-2824DA91E43F}.Debug|Any CPU.Build.0 = Debug|Any CPU
		{46762965-FA5D-4FEB-876E-2824DA91E43F}.Release|Any CPU.ActiveCfg = Release|Any CPU
		{46762965-FA5D-4FEB-876E-2824DA91E43F}.Release|Any CPU.Build.0 = Release|Any CPU
	EndGlobalSection
	GlobalSection(SolutionProperties) = preSolution
		HideSolutionNode = FALSE
	EndGlobalSection
	GlobalSection(ExtensibilityGlobals) = postSolution
		SolutionGuid = {FD78B5A1-FDC0-4AC8-A3CD-F2958F8B831D}
	EndGlobalSection
EndGlobal
